
Microsoft Visual Studio Solution File, Format Version 12.00
# Visual Studio Version 16
VisualStudioVersion = 16.0.31729.503
MinimumVisualStudioVersion = 10.0.40219.1
Project("{FAE04EC0-301F-11D3-BF4B-00C04F79EFBC}") = "MoreDynamicQuery", "MoreDynamicQuery\MoreDynamicQuery.csproj", "{C5FADF1A-B956-4412-B354-0515417B2B7B}"
EndProject
Global
	GlobalSection(SolutionConfigurationPlatforms) = preSolution
		Debug|Any CPU = Debug|Any CPU
		Release|Any CPU = Release|Any CPU
	EndGlobalSection
	GlobalSection(ProjectConfigurationPlatforms) = postSolution
		{C5FADF1A-B956-4412-B354-0515417B2B7B}.Debug|Any CPU.ActiveCfg = Debug|Any CPU
		{C5FADF1A-B956-4412-B354-0515417B2B7B}.Debug|Any CPU.Build.0 = Debug|Any CPU
		{C5FADF1A-B956-4412-B354-0515417B2B7B}.Release|Any CPU.ActiveCfg = Release|Any CPU
		{C5FADF1A-B956-4412-B354-0515417B2B7B}.Release|Any CPU.Build.0 = Release|Any CPU
	EndGlobalSection
	GlobalSection(SolutionProperties) = preSolution
		HideSolutionNode = FALSE
	EndGlobalSection
	GlobalSection(ExtensibilityGlobals) = postSolution
		SolutionGuid = {298B424E-3A1F-47A2-B0AD-BA66357BC3D3}
	EndGlobalSection
EndGlobal
